
Microsoft Visual Studio Solution File, Format Version 12.00
# Visual Studio 15
VisualStudioVersion = 15.0.27130.2010
MinimumVisualStudioVersion = 10.0.40219.1
Project("{FAE04EC0-301F-11D3-BF4B-00C04F79EFBC}") = "CdaGenerator", "CdaGenerator\CdaGenerator.csproj", "{884D0D02-BCB2-43A3-AFD3-072E16F5C8D9}"
EndProject
Project("{FAE04EC0-301F-11D3-BF4B-00C04F79EFBC}") = "TestCdaGenerator", "TestCdaGenerator\TestCdaGenerator.csproj", "{C3EEC5D2-680F-400B-8F75-173A136554A4}"
EndProject
Global
	GlobalSection(SolutionConfigurationPlatforms) = preSolution
		Debug|Any CPU = Debug|Any CPU
		Release|Any CPU = Release|Any CPU
	EndGlobalSection
	GlobalSection(ProjectConfigurationPlatforms) = postSolution
		{884D0D02-BCB2-43A3-AFD3-072E16F5C8D9}.Debug|Any CPU.ActiveCfg = Debug|Any CPU
		{884D0D02-BCB2-43A3-AFD3-072E16F5C8D9}.Debug|Any CPU.Build.0 = Debug|Any CPU
		{884D0D02-BCB2-43A3-AFD3-072E16F5C8D9}.Release|Any CPU.ActiveCfg = Release|Any CPU
		{884D0D02-BCB2-43A3-AFD3-072E16F5C8D9}.Release|Any CPU.Build.0 = Release|Any CPU
		{C3EEC5D2-680F-400B-8F75-173A136554A4}.Debug|Any CPU.ActiveCfg = Debug|Any CPU
		{C3EEC5D2-680F-400B-8F75-173A136554A4}.Debug|Any CPU.Build.0 = Debug|Any CPU
		{C3EEC5D2-680F-400B-8F75-173A136554A4}.Release|Any CPU.ActiveCfg = Release|Any CPU
		{C3EEC5D2-680F-400B-8F75-173A136554A4}.Release|Any CPU.Build.0 = Release|Any CPU
	EndGlobalSection
	GlobalSection(SolutionProperties) = preSolution
		HideSolutionNode = FALSE
	EndGlobalSection
	GlobalSection(ExtensibilityGlobals) = postSolution
		SolutionGuid = {67437948-40E2-424B-8A5D-CD2E1E1ED13D}
	EndGlobalSection
EndGlobal
